{
    "_readme": [
        "This file locks the dependencies of your project to a known state",
        "Read more about it at https://getcomposer.org/doc/01-basic-usage.md#composer-lock-the-lock-file",
        "This file is @generated automatically"
    ],
    "content-hash": "0491caf7872adefaa500d502079e5d7c",
    "packages": [
        {
            "name": "anytizer/pluralizer.php",
            "version": "dev-master",
            "source": {
                "type": "git",
                "url": "https://github.com/anytizer/pluralizer.php.git",
                "reference": "606f0a8e2b69f56bde409e411116d6461ad3ecca"
            },
            "dist": {
                "type": "zip",
                "url": "https://api.github.com/repos/anytizer/pluralizer.php/zipball/606f0a8e2b69f56bde409e411116d6461ad3ecca",
                "reference": "606f0a8e2b69f56bde409e411116d6461ad3ecca",
                "shasum": ""
            },
            "require": {
                "php": ">=7.0"
            },
            "type": "library",
            "autoload": {
                "psr-4": {
                    "common\\": "src/common"
                }
            },
            "notification-url": "https://packagist.org/downloads/",
            "description": "Pluralizes a common word",
            "keywords": [
                "pluralizer"
            ],
            "time": "2018-03-18T23:05:55+00:00"
        }
    ],
    "packages-dev": [],
    "aliases": [],
    "minimum-stability": "stable",
    "stability-flags": {
        "anytizer/pluralizer.php": 20
    },
    "prefer-stable": false,
    "prefer-lowest": false,
    "platform": [],
    "platform-dev": []
}
